// !$*UTF8*$!
{
	archiveVersion = 1;
	classes = {
	};
	objectVersion = 46;
	objects = {

/* Begin PBXBuildFile section */
		343C13C31E7E81AD00DFE86E /* CreateTaskUIKitPresenter.swift in Sources */ = {isa = PBXBuildFile; fileRef = 343C13C21E7E81AD00DFE86E /* CreateTaskUIKitPresenter.swift */; };
		343C13C51E7E824200DFE86E /* CreateTaskUIKitPresenterFactory.swift in Sources */ = {isa = PBXBuildFile; fileRef = 343C13C41E7E824200DFE86E /* CreateTaskUIKitPresenterFactory.swift */; };
		343C13C71E7E8F5400DFE86E /* UINavigationController+Message.swift in Sources */ = {isa = PBXBuildFile; fileRef = 343C13C61E7E8F5400DFE86E /* UINavigationController+Message.swift */; };
		343C13CB1E7ECE1400DFE86E /* UIColors+Constants.swift in Sources */ = {isa = PBXBuildFile; fileRef = 343C13CA1E7ECE1400DFE86E /* UIColors+Constants.swift */; };
		3441BD3F1E8326A600AEF8A1 /* AppDelegate.swift in Sources */ = {isa = PBXBuildFile; fileRef = 3441BD3E1E8326A600AEF8A1 /* AppDelegate.swift */; };
		3441BD411E8326A600AEF8A1 /* Assets.xcassets in Resources */ = {isa = PBXBuildFile; fileRef = 3441BD401E8326A600AEF8A1 /* Assets.xcassets */; };
		3441BD441E8326A600AEF8A1 /* MainMenu.xib in Resources */ = {isa = PBXBuildFile; fileRef = 3441BD421E8326A600AEF8A1 /* MainMenu.xib */; };
		3441BD4C1E8327D100AEF8A1 /* ListTaskController.swift in Sources */ = {isa = PBXBuildFile; fileRef = 3441BD4B1E8327D100AEF8A1 /* ListTaskController.swift */; };
		3441BD501E83289700AEF8A1 /* TasksCocoaRouterFactory.swift in Sources */ = {isa = PBXBuildFile; fileRef = 3441BD4F1E83289700AEF8A1 /* TasksCocoaRouterFactory.swift */; };
		3441BD7E1E83298F00AEF8A1 /* TodoListSharedCocoa.framework in Frameworks */ = {isa = PBXBuildFile; fileRef = 3441BD7C1E83298B00AEF8A1 /* TodoListSharedCocoa.framework */; };
		3441BD7F1E83298F00AEF8A1 /* TodoListSharedCocoa.framework in Embed Frameworks */ = {isa = PBXBuildFile; fileRef = 3441BD7C1E83298B00AEF8A1 /* TodoListSharedCocoa.framework */; settings = {ATTRIBUTES = (CodeSignOnCopy, RemoveHeadersOnCopy, ); }; };
		3441BD821E8329CA00AEF8A1 /* TasksCocoaRouter.swift in Sources */ = {isa = PBXBuildFile; fileRef = 3441BD811E8329CA00AEF8A1 /* TasksCocoaRouter.swift */; };
		34589B801E7E65170089A901 /* CreateTaskController.swift in Sources */ = {isa = PBXBuildFile; fileRef = 34589B7F1E7E65170089A901 /* CreateTaskController.swift */; };
		34589B861E7E70150089A901 /* CreateTaskView.swift in Sources */ = {isa = PBXBuildFile; fileRef = 34589B851E7E70150089A901 /* CreateTaskView.swift */; };
		34A9B0711E82C0760076748F /* TodoListSharedCocoaTouch.framework in Frameworks */ = {isa = PBXBuildFile; fileRef = 34A9B06E1E82BFF50076748F /* TodoListSharedCocoaTouch.framework */; };
		34A9B0721E82C0760076748F /* TodoListSharedCocoaTouch.framework in Embed Frameworks */ = {isa = PBXBuildFile; fileRef = 34A9B06E1E82BFF50076748F /* TodoListSharedCocoaTouch.framework */; settings = {ATTRIBUTES = (CodeSignOnCopy, RemoveHeadersOnCopy, ); }; };
		34D948011E7E27E0001EB043 /* AppDelegate.swift in Sources */ = {isa = PBXBuildFile; fileRef = 34D948001E7E27E0001EB043 /* AppDelegate.swift */; };
		34D9480B1E7E27E0001EB043 /* Assets.xcassets in Resources */ = {isa = PBXBuildFile; fileRef = 34D9480A1E7E27E0001EB043 /* Assets.xcassets */; };
		34D9480E1E7E27E0001EB043 /* LaunchScreen.storyboard in Resources */ = {isa = PBXBuildFile; fileRef = 34D9480C1E7E27E0001EB043 /* LaunchScreen.storyboard */; };
		34D948191E7E28E3001EB043 /* ListTaskController.swift in Sources */ = {isa = PBXBuildFile; fileRef = 34D948181E7E28E3001EB043 /* ListTaskController.swift */; };
		34D9481D1E7E29BA001EB043 /* ListTaskView.swift in Sources */ = {isa = PBXBuildFile; fileRef = 34D9481C1E7E29BA001EB043 /* ListTaskView.swift */; };
		34D948201E7E2C06001EB043 /* UIView+Constraints.swift in Sources */ = {isa = PBXBuildFile; fileRef = 34D9481F1E7E2C06001EB043 /* UIView+Constraints.swift */; };
		34D948241E7E2E9C001EB043 /* ListTaskTableViewDataSource.swift in Sources */ = {isa = PBXBuildFile; fileRef = 34D948231E7E2E9C001EB043 /* ListTaskTableViewDataSource.swift */; };
		34D948261E7E2FAF001EB043 /* TaskItemViewCell.swift in Sources */ = {isa = PBXBuildFile; fileRef = 34D948251E7E2FAF001EB043 /* TaskItemViewCell.swift */; };
		34D9486A1E7E59CB001EB043 /* TasksUIKitRouter.swift in Sources */ = {isa = PBXBuildFile; fileRef = 34D948691E7E59CB001EB043 /* TasksUIKitRouter.swift */; };
		34D9486C1E7E5B4F001EB043 /* TasksUIKitRouterFactory.swift in Sources */ = {isa = PBXBuildFile; fileRef = 34D9486B1E7E5B4F001EB043 /* TasksUIKitRouterFactory.swift */; };
		34DD902A1E984A3800ADDB4F /* ListTaskTableViewDelegate.swift in Sources */ = {isa = PBXBuildFile; fileRef = 34DD90291E984A3800ADDB4F /* ListTaskTableViewDelegate.swift */; };
		34DD902C1E984CFF00ADDB4F /* EditTaskController.swift in Sources */ = {isa = PBXBuildFile; fileRef = 34DD902B1E984CFF00ADDB4F /* EditTaskController.swift */; };
		34DD902E1E984F5600ADDB4F /* UpdateTaskUIKitPresenter.swift in Sources */ = {isa = PBXBuildFile; fileRef = 34DD902D1E984F5600ADDB4F /* UpdateTaskUIKitPresenter.swift */; };
		34DD90301E984FC800ADDB4F /* UpdateTaskUIKitPresenterFactory.swift in Sources */ = {isa = PBXBuildFile; fileRef = 34DD902F1E984FC800ADDB4F /* UpdateTaskUIKitPresenterFactory.swift */; };
		67A950963FF61905360F3244 /* CreateTaskUseCaseFactory.swift in Sources */ = {isa = PBXBuildFile; fileRef = 67A957F8E313374D07B0A3FC /* CreateTaskUseCaseFactory.swift */; };
		67A95870F528B0E9B007D019 /* ListAllTasksUseCaseFactory.swift in Sources */ = {isa = PBXBuildFile; fileRef = 67A95923E53A7B5B79FE7F3F /* ListAllTasksUseCaseFactory.swift */; };
		67A95C2DE23B79AAC5251D7E /* UpdateTaskUseCaseFactory.swift in Sources */ = {isa = PBXBuildFile; fileRef = 67A954C9377AB3BEA5A1CEBC /* UpdateTaskUseCaseFactory.swift */; };
		67A95E16CDFD16583923498E /* TasksCoreDataGatewayFactory.swift in Sources */ = {isa = PBXBuildFile; fileRef = 67A952C47CB0DDE7A501BBB2 /* TasksCoreDataGatewayFactory.swift */; };
		67A95F50A28853ECBCA8C7E6 /* DeleteTaskUseCaseFactory.swift in Sources */ = {isa = PBXBuildFile; fileRef = 67A955013DCBB442DD148A66 /* DeleteTaskUseCaseFactory.swift */; };
/* End PBXBuildFile section */

/* Begin PBXCopyFilesBuildPhase section */
		3441BD801E83298F00AEF8A1 /* Embed Frameworks */ = {
			isa = PBXCopyFilesBuildPhase;
			buildActionMask = 2147483647;
			dstPath = "";
			dstSubfolderSpec = 10;
			files = (
				3441BD7F1E83298F00AEF8A1 /* TodoListSharedCocoa.framework in Embed Frameworks */,
			);
			name = "Embed Frameworks";
			runOnlyForDeploymentPostprocessing = 0;
		};
		34A9B0731E82C0760076748F /* Embed Frameworks */ = {
			isa = PBXCopyFilesBuildPhase;
			buildActionMask = 2147483647;
			dstPath = "";
			dstSubfolderSpec = 10;
			files = (
				34A9B0721E82C0760076748F /* TodoListSharedCocoaTouch.framework in Embed Frameworks */,
			);
			name = "Embed Frameworks";
			runOnlyForDeploymentPostprocessing = 0;
		};
/* End PBXCopyFilesBuildPhase section */

/* Begin PBXFileReference section */
		343C13C21E7E81AD00DFE86E /* CreateTaskUIKitPresenter.swift */ = {isa = PBXFileReference; fileEncoding = 4; lastKnownFileType = sourcecode.swift; path = CreateTaskUIKitPresenter.swift; sourceTree = "<group>"; };
		343C13C41E7E824200DFE86E /* CreateTaskUIKitPresenterFactory.swift */ = {isa = PBXFileReference; fileEncoding = 4; lastKnownFileType = sourcecode.swift; path = CreateTaskUIKitPresenterFactory.swift; sourceTree = "<group>"; };
		343C13C61E7E8F5400DFE86E /* UINavigationController+Message.swift */ = {isa = PBXFileReference; fileEncoding = 4; lastKnownFileType = sourcecode.swift; path = "UINavigationController+Message.swift"; sourceTree = "<group>"; };
		343C13CA1E7ECE1400DFE86E /* UIColors+Constants.swift */ = {isa = PBXFileReference; fileEncoding = 4; lastKnownFileType = sourcecode.swift; path = "UIColors+Constants.swift"; sourceTree = "<group>"; };
		3441BD3C1E8326A600AEF8A1 /* TodoList-macOS.app */ = {isa = PBXFileReference; explicitFileType = wrapper.application; includeInIndex = 0; path = "TodoList-macOS.app"; sourceTree = BUILT_PRODUCTS_DIR; };
		3441BD3E1E8326A600AEF8A1 /* AppDelegate.swift */ = {isa = PBXFileReference; lastKnownFileType = sourcecode.swift; path = AppDelegate.swift; sourceTree = "<group>"; };
		3441BD401E8326A600AEF8A1 /* Assets.xcassets */ = {isa = PBXFileReference; lastKnownFileType = folder.assetcatalog; path = Assets.xcassets; sourceTree = "<group>"; };
		3441BD431E8326A600AEF8A1 /* Base */ = {isa = PBXFileReference; lastKnownFileType = file.xib; name = Base; path = Base.lproj/MainMenu.xib; sourceTree = "<group>"; };
		3441BD451E8326A600AEF8A1 /* Info.plist */ = {isa = PBXFileReference; lastKnownFileType = text.plist.xml; path = Info.plist; sourceTree = "<group>"; };
		3441BD4B1E8327D100AEF8A1 /* ListTaskController.swift */ = {isa = PBXFileReference; fileEncoding = 4; lastKnownFileType = sourcecode.swift; path = ListTaskController.swift; sourceTree = "<group>"; };
		3441BD4F1E83289700AEF8A1 /* TasksCocoaRouterFactory.swift */ = {isa = PBXFileReference; fileEncoding = 4; lastKnownFileType = sourcecode.swift; path = TasksCocoaRouterFactory.swift; sourceTree = "<group>"; };
		3441BD7C1E83298B00AEF8A1 /* TodoListSharedCocoa.framework */ = {isa = PBXFileReference; lastKnownFileType = wrapper.framework; name = TodoListSharedCocoa.framework; path = "../../../Library/Developer/Xcode/DerivedData/TodoList-elhvkqftfizdirfyihnzqnatlszg/Build/Products/Debug/TodoListSharedCocoa.framework"; sourceTree = "<group>"; };
		3441BD811E8329CA00AEF8A1 /* TasksCocoaRouter.swift */ = {isa = PBXFileReference; fileEncoding = 4; lastKnownFileType = sourcecode.swift; path = TasksCocoaRouter.swift; sourceTree = "<group>"; };
		34589B7F1E7E65170089A901 /* CreateTaskController.swift */ = {isa = PBXFileReference; fileEncoding = 4; lastKnownFileType = sourcecode.swift; path = CreateTaskController.swift; sourceTree = "<group>"; };
		34589B851E7E70150089A901 /* CreateTaskView.swift */ = {isa = PBXFileReference; fileEncoding = 4; lastKnownFileType = sourcecode.swift; path = CreateTaskView.swift; sourceTree = "<group>"; };
		34A9B06E1E82BFF50076748F /* TodoListSharedCocoaTouch.framework */ = {isa = PBXFileReference; lastKnownFileType = wrapper.framework; name = TodoListSharedCocoaTouch.framework; path = "../../../Library/Developer/Xcode/DerivedData/TodoList-elhvkqftfizdirfyihnzqnatlszg/Build/Products/Debug-iphonesimulator/TodoListSharedCocoaTouch.framework"; sourceTree = "<group>"; };
		34D947FD1E7E27E0001EB043 /* TodoList-iOS.app */ = {isa = PBXFileReference; explicitFileType = wrapper.application; includeInIndex = 0; path = "TodoList-iOS.app"; sourceTree = BUILT_PRODUCTS_DIR; };
		34D948001E7E27E0001EB043 /* AppDelegate.swift */ = {isa = PBXFileReference; lastKnownFileType = sourcecode.swift; path = AppDelegate.swift; sourceTree = "<group>"; };
		34D9480A1E7E27E0001EB043 /* Assets.xcassets */ = {isa = PBXFileReference; lastKnownFileType = folder.assetcatalog; path = Assets.xcassets; sourceTree = "<group>"; };
		34D9480D1E7E27E0001EB043 /* Base */ = {isa = PBXFileReference; lastKnownFileType = file.storyboard; name = Base; path = Base.lproj/LaunchScreen.storyboard; sourceTree = "<group>"; };
		34D9480F1E7E27E0001EB043 /* Info.plist */ = {isa = PBXFileReference; lastKnownFileType = text.plist.xml; path = Info.plist; sourceTree = "<group>"; };
		34D948181E7E28E3001EB043 /* ListTaskController.swift */ = {isa = PBXFileReference; fileEncoding = 4; lastKnownFileType = sourcecode.swift; path = ListTaskController.swift; sourceTree = "<group>"; };
		34D9481C1E7E29BA001EB043 /* ListTaskView.swift */ = {isa = PBXFileReference; fileEncoding = 4; lastKnownFileType = sourcecode.swift; path = ListTaskView.swift; sourceTree = "<group>"; };
		34D9481F1E7E2C06001EB043 /* UIView+Constraints.swift */ = {isa = PBXFileReference; fileEncoding = 4; lastKnownFileType = sourcecode.swift; path = "UIView+Constraints.swift"; sourceTree = "<group>"; };
		34D948231E7E2E9C001EB043 /* ListTaskTableViewDataSource.swift */ = {isa = PBXFileReference; fileEncoding = 4; lastKnownFileType = sourcecode.swift; path = ListTaskTableViewDataSource.swift; sourceTree = "<group>"; };
		34D948251E7E2FAF001EB043 /* TaskItemViewCell.swift */ = {isa = PBXFileReference; fileEncoding = 4; lastKnownFileType = sourcecode.swift; path = TaskItemViewCell.swift; sourceTree = "<group>"; };
		34D948691E7E59CB001EB043 /* TasksUIKitRouter.swift */ = {isa = PBXFileReference; fileEncoding = 4; lastKnownFileType = sourcecode.swift; path = TasksUIKitRouter.swift; sourceTree = "<group>"; };
		34D9486B1E7E5B4F001EB043 /* TasksUIKitRouterFactory.swift */ = {isa = PBXFileReference; fileEncoding = 4; lastKnownFileType = sourcecode.swift; path = TasksUIKitRouterFactory.swift; sourceTree = "<group>"; };
		34DD90291E984A3800ADDB4F /* ListTaskTableViewDelegate.swift */ = {isa = PBXFileReference; fileEncoding = 4; lastKnownFileType = sourcecode.swift; path = ListTaskTableViewDelegate.swift; sourceTree = "<group>"; };
		34DD902B1E984CFF00ADDB4F /* EditTaskController.swift */ = {isa = PBXFileReference; fileEncoding = 4; lastKnownFileType = sourcecode.swift; path = EditTaskController.swift; sourceTree = "<group>"; };
		34DD902D1E984F5600ADDB4F /* UpdateTaskUIKitPresenter.swift */ = {isa = PBXFileReference; fileEncoding = 4; lastKnownFileType = sourcecode.swift; path = UpdateTaskUIKitPresenter.swift; sourceTree = "<group>"; };
		34DD902F1E984FC800ADDB4F /* UpdateTaskUIKitPresenterFactory.swift */ = {isa = PBXFileReference; fileEncoding = 4; lastKnownFileType = sourcecode.swift; path = UpdateTaskUIKitPresenterFactory.swift; sourceTree = "<group>"; };
		67A952C47CB0DDE7A501BBB2 /* TasksCoreDataGatewayFactory.swift */ = {isa = PBXFileReference; fileEncoding = 4; lastKnownFileType = sourcecode.swift; path = TasksCoreDataGatewayFactory.swift; sourceTree = "<group>"; };
		67A954C9377AB3BEA5A1CEBC /* UpdateTaskUseCaseFactory.swift */ = {isa = PBXFileReference; fileEncoding = 4; lastKnownFileType = sourcecode.swift; path = UpdateTaskUseCaseFactory.swift; sourceTree = "<group>"; };
		67A955013DCBB442DD148A66 /* DeleteTaskUseCaseFactory.swift */ = {isa = PBXFileReference; fileEncoding = 4; lastKnownFileType = sourcecode.swift; path = DeleteTaskUseCaseFactory.swift; sourceTree = "<group>"; };
		67A957F8E313374D07B0A3FC /* CreateTaskUseCaseFactory.swift */ = {isa = PBXFileReference; fileEncoding = 4; lastKnownFileType = sourcecode.swift; path = CreateTaskUseCaseFactory.swift; sourceTree = "<group>"; };
		67A95923E53A7B5B79FE7F3F /* ListAllTasksUseCaseFactory.swift */ = {isa = PBXFileReference; fileEncoding = 4; lastKnownFileType = sourcecode.swift; path = ListAllTasksUseCaseFactory.swift; sourceTree = "<group>"; };
/* End PBXFileReference section */

/* Begin PBXFrameworksBuildPhase section */
		3441BD391E8326A600AEF8A1 /* Frameworks */ = {
			isa = PBXFrameworksBuildPhase;
			buildActionMask = 2147483647;
			files = (
				3441BD7E1E83298F00AEF8A1 /* TodoListSharedCocoa.framework in Frameworks */,
			);
			runOnlyForDeploymentPostprocessing = 0;
		};
		34D947FA1E7E27E0001EB043 /* Frameworks */ = {
			isa = PBXFrameworksBuildPhase;
			buildActionMask = 2147483647;
			files = (
				34A9B0711E82C0760076748F /* TodoListSharedCocoaTouch.framework in Frameworks */,
			);
			runOnlyForDeploymentPostprocessing = 0;
		};
/* End PBXFrameworksBuildPhase section */

/* Begin PBXGroup section */
		343C13C11E7E818B00DFE86E /* Presenters */ = {
			isa = PBXGroup;
			children = (
				343C13C21E7E81AD00DFE86E /* CreateTaskUIKitPresenter.swift */,
				34DD902D1E984F5600ADDB4F /* UpdateTaskUIKitPresenter.swift */,
			);
			path = Presenters;
			sourceTree = "<group>";
		};
		3441BD3D1E8326A600AEF8A1 /* macOS */ = {
			isa = PBXGroup;
			children = (
				3441BD491E8326E400AEF8A1 /* Base */,
				67A95A70A35A2383CEF1E330 /* Tasks */,
			);
			path = macOS;
			sourceTree = "<group>";
		};
		3441BD491E8326E400AEF8A1 /* Base */ = {
			isa = PBXGroup;
			children = (
				3441BD3E1E8326A600AEF8A1 /* AppDelegate.swift */,
				3441BD401E8326A600AEF8A1 /* Assets.xcassets */,
				3441BD451E8326A600AEF8A1 /* Info.plist */,
				3441BD421E8326A600AEF8A1 /* MainMenu.xib */,
			);
			path = Base;
			sourceTree = "<group>";
		};
		34A9B03D1E82B1FA0076748F /* Frameworks */ = {
			isa = PBXGroup;
			children = (
				3441BD7C1E83298B00AEF8A1 /* TodoListSharedCocoa.framework */,
				34A9B06E1E82BFF50076748F /* TodoListSharedCocoaTouch.framework */,
			);
			name = Frameworks;
			sourceTree = "<group>";
		};
		34D947F41E7E27E0001EB043 = {
			isa = PBXGroup;
			children = (
				34A9B03D1E82B1FA0076748F /* Frameworks */,
				34D947FE1E7E27E0001EB043 /* Products */,
				34D947FF1E7E27E0001EB043 /* iOS */,
				3441BD3D1E8326A600AEF8A1 /* macOS */,
			);
			sourceTree = "<group>";
		};
		34D947FE1E7E27E0001EB043 /* Products */ = {
			isa = PBXGroup;
			children = (
				34D947FD1E7E27E0001EB043 /* TodoList-iOS.app */,
				3441BD3C1E8326A600AEF8A1 /* TodoList-macOS.app */,
			);
			name = Products;
			sourceTree = "<group>";
		};
		34D947FF1E7E27E0001EB043 /* iOS */ = {
			isa = PBXGroup;
			children = (
				34D948151E7E2825001EB043 /* Base */,
				34D9481E1E7E2BEE001EB043 /* Extensions */,
				34D948171E7E289A001EB043 /* Tasks */,
			);
			path = iOS;
			sourceTree = "<group>";
		};
		34D948151E7E2825001EB043 /* Base */ = {
			isa = PBXGroup;
			children = (
				34D948001E7E27E0001EB043 /* AppDelegate.swift */,
				34D9480A1E7E27E0001EB043 /* Assets.xcassets */,
				34D9480F1E7E27E0001EB043 /* Info.plist */,
				34D9480C1E7E27E0001EB043 /* LaunchScreen.storyboard */,
			);
			path = Base;
			sourceTree = "<group>";
		};
		34D948171E7E289A001EB043 /* Tasks */ = {
			isa = PBXGroup;
			children = (
				34DD90281E98489800ADDB4F /* Delegates */,
				34D9481A1E7E29A7001EB043 /* Controllers */,
				34D948211E7E2DF4001EB043 /* DataSources */,
				34D9485C1E7E5019001EB043 /* Factories */,
				343C13C11E7E818B00DFE86E /* Presenters */,
				34D948661E7E5967001EB043 /* Router */,
				34D9481B1E7E29AD001EB043 /* Views */,
			);
			path = Tasks;
			sourceTree = "<group>";
		};
		34D9481A1E7E29A7001EB043 /* Controllers */ = {
			isa = PBXGroup;
			children = (
				34589B7F1E7E65170089A901 /* CreateTaskController.swift */,
				34D948181E7E28E3001EB043 /* ListTaskController.swift */,
				34DD902B1E984CFF00ADDB4F /* EditTaskController.swift */,
			);
			path = Controllers;
			sourceTree = "<group>";
		};
		34D9481B1E7E29AD001EB043 /* Views */ = {
			isa = PBXGroup;
			children = (
				34589B851E7E70150089A901 /* CreateTaskView.swift */,
				34D9481C1E7E29BA001EB043 /* ListTaskView.swift */,
				34D948251E7E2FAF001EB043 /* TaskItemViewCell.swift */,
			);
			path = Views;
			sourceTree = "<group>";
		};
		34D9481E1E7E2BEE001EB043 /* Extensions */ = {
			isa = PBXGroup;
			children = (
				343C13CA1E7ECE1400DFE86E /* UIColors+Constants.swift */,
				343C13C61E7E8F5400DFE86E /* UINavigationController+Message.swift */,
				34D9481F1E7E2C06001EB043 /* UIView+Constraints.swift */,
			);
			path = Extensions;
			sourceTree = "<group>";
		};
		34D948211E7E2DF4001EB043 /* DataSources */ = {
			isa = PBXGroup;
			children = (
				34D948231E7E2E9C001EB043 /* ListTaskTableViewDataSource.swift */,
			);
			path = DataSources;
			sourceTree = "<group>";
		};
		34D9485C1E7E5019001EB043 /* Factories */ = {
			isa = PBXGroup;
			children = (
				343C13C41E7E824200DFE86E /* CreateTaskUIKitPresenterFactory.swift */,
				67A957F8E313374D07B0A3FC /* CreateTaskUseCaseFactory.swift */,
				67A955013DCBB442DD148A66 /* DeleteTaskUseCaseFactory.swift */,
				67A95923E53A7B5B79FE7F3F /* ListAllTasksUseCaseFactory.swift */,
				67A952C47CB0DDE7A501BBB2 /* TasksCoreDataGatewayFactory.swift */,
				34D9486B1E7E5B4F001EB043 /* TasksUIKitRouterFactory.swift */,
				67A954C9377AB3BEA5A1CEBC /* UpdateTaskUseCaseFactory.swift */,
				34DD902F1E984FC800ADDB4F /* UpdateTaskUIKitPresenterFactory.swift */,
			);
			path = Factories;
			sourceTree = "<group>";
		};
		34D948661E7E5967001EB043 /* Router */ = {
			isa = PBXGroup;
			children = (
				34D948691E7E59CB001EB043 /* TasksUIKitRouter.swift */,
			);
			path = Router;
			sourceTree = "<group>";
		};
		34DD90281E98489800ADDB4F /* Delegates */ = {
			isa = PBXGroup;
			children = (
				34DD90291E984A3800ADDB4F /* ListTaskTableViewDelegate.swift */,
			);
			name = Delegates;
			sourceTree = "<group>";
		};
		67A950EFF1C2FFD6970E5F41 /* DataSources */ = {
			isa = PBXGroup;
			children = (
			);
			path = DataSources;
			sourceTree = "<group>";
		};
		67A9519A16F39B07DA6BAFE5 /* Views */ = {
			isa = PBXGroup;
			children = (
			);
			path = Views;
			sourceTree = "<group>";
		};
		67A9527BA8217622F995DFA1 /* Factories */ = {
			isa = PBXGroup;
			children = (
				3441BD4F1E83289700AEF8A1 /* TasksCocoaRouterFactory.swift */,
			);
			path = Factories;
			sourceTree = "<group>";
		};
		67A9543193E4BAA855B95D0B /* Presenters */ = {
			isa = PBXGroup;
			children = (
			);
			path = Presenters;
			sourceTree = "<group>";
		};
		67A958B6115DCE3FDB2F98FE /* Controllers */ = {
			isa = PBXGroup;
			children = (
				3441BD4B1E8327D100AEF8A1 /* ListTaskController.swift */,
			);
			path = Controllers;
			sourceTree = "<group>";
		};
		67A95A70A35A2383CEF1E330 /* Tasks */ = {
			isa = PBXGroup;
			children = (
				67A958B6115DCE3FDB2F98FE /* Controllers */,
				67A950EFF1C2FFD6970E5F41 /* DataSources */,
				67A9527BA8217622F995DFA1 /* Factories */,
				67A95D8D71CB36C9A91E0328 /* Router */,
				67A9519A16F39B07DA6BAFE5 /* Views */,
				67A9543193E4BAA855B95D0B /* Presenters */,
			);
			path = Tasks;
			sourceTree = "<group>";
		};
		67A95D8D71CB36C9A91E0328 /* Router */ = {
			isa = PBXGroup;
			children = (
				3441BD811E8329CA00AEF8A1 /* TasksCocoaRouter.swift */,
			);
			path = Router;
			sourceTree = "<group>";
		};
/* End PBXGroup section */

/* Begin PBXNativeTarget section */
		3441BD3B1E8326A600AEF8A1 /* TodoList-macOS */ = {
			isa = PBXNativeTarget;
			buildConfigurationList = 3441BD461E8326A600AEF8A1 /* Build configuration list for PBXNativeTarget "TodoList-macOS" */;
			buildPhases = (
				3441BD381E8326A600AEF8A1 /* Sources */,
				3441BD391E8326A600AEF8A1 /* Frameworks */,
				3441BD3A1E8326A600AEF8A1 /* Resources */,
				3441BD801E83298F00AEF8A1 /* Embed Frameworks */,
			);
			buildRules = (
			);
			dependencies = (
			);
			name = "TodoList-macOS";
			productName = macOS;
			productReference = 3441BD3C1E8326A600AEF8A1 /* TodoList-macOS.app */;
			productType = "com.apple.product-type.application";
		};
		34D947FC1E7E27E0001EB043 /* TodoList-iOS */ = {
			isa = PBXNativeTarget;
			buildConfigurationList = 34D948121E7E27E0001EB043 /* Build configuration list for PBXNativeTarget "TodoList-iOS" */;
			buildPhases = (
				34D947F91E7E27E0001EB043 /* Sources */,
				34D947FA1E7E27E0001EB043 /* Frameworks */,
				34D947FB1E7E27E0001EB043 /* Resources */,
				34A9B0731E82C0760076748F /* Embed Frameworks */,
			);
			buildRules = (
			);
			dependencies = (
			);
			name = "TodoList-iOS";
			productName = todolist;
			productReference = 34D947FD1E7E27E0001EB043 /* TodoList-iOS.app */;
			productType = "com.apple.product-type.application";
		};
/* End PBXNativeTarget section */

/* Begin PBXProject section */
		34D947F51E7E27E0001EB043 /* Project object */ = {
			isa = PBXProject;
			attributes = {
				LastSwiftUpdateCheck = 0820;
				LastUpgradeCheck = 0820;
				ORGANIZATIONNAME = "Ronan R. Nunes";
				TargetAttributes = {
					3441BD3B1E8326A600AEF8A1 = {
						CreatedOnToolsVersion = 8.2.1;
						ProvisioningStyle = Automatic;
					};
					34D947FC1E7E27E0001EB043 = {
						CreatedOnToolsVersion = 8.2.1;
						ProvisioningStyle = Automatic;
					};
				};
			};
			buildConfigurationList = 34D947F81E7E27E0001EB043 /* Build configuration list for PBXProject "Application" */;
			compatibilityVersion = "Xcode 3.2";
			developmentRegion = English;
			hasScannedForEncodings = 0;
			knownRegions = (
				en,
				Base,
			);
			mainGroup = 34D947F41E7E27E0001EB043;
			productRefGroup = 34D947FE1E7E27E0001EB043 /* Products */;
			projectDirPath = "";
			projectRoot = "";
			targets = (
				34D947FC1E7E27E0001EB043 /* TodoList-iOS */,
				3441BD3B1E8326A600AEF8A1 /* TodoList-macOS */,
			);
		};
/* End PBXProject section */

/* Begin PBXResourcesBuildPhase section */
		3441BD3A1E8326A600AEF8A1 /* Resources */ = {
			isa = PBXResourcesBuildPhase;
			buildActionMask = 2147483647;
			files = (
				3441BD411E8326A600AEF8A1 /* Assets.xcassets in Resources */,
				3441BD441E8326A600AEF8A1 /* MainMenu.xib in Resources */,
			);
			runOnlyForDeploymentPostprocessing = 0;
		};
		34D947FB1E7E27E0001EB043 /* Resources */ = {
			isa = PBXResourcesBuildPhase;
			buildActionMask = 2147483647;
			files = (
				34D9480E1E7E27E0001EB043 /* LaunchScreen.storyboard in Resources */,
				34D9480B1E7E27E0001EB043 /* Assets.xcassets in Resources */,
			);
			runOnlyForDeploymentPostprocessing = 0;
		};
/* End PBXResourcesBuildPhase section */

/* Begin PBXSourcesBuildPhase section */
		3441BD381E8326A600AEF8A1 /* Sources */ = {
			isa = PBXSourcesBuildPhase;
			buildActionMask = 2147483647;
			files = (
				3441BD501E83289700AEF8A1 /* TasksCocoaRouterFactory.swift in Sources */,
				3441BD821E8329CA00AEF8A1 /* TasksCocoaRouter.swift in Sources */,
				3441BD4C1E8327D100AEF8A1 /* ListTaskController.swift in Sources */,
				3441BD3F1E8326A600AEF8A1 /* AppDelegate.swift in Sources */,
			);
			runOnlyForDeploymentPostprocessing = 0;
		};
		34D947F91E7E27E0001EB043 /* Sources */ = {
			isa = PBXSourcesBuildPhase;
			buildActionMask = 2147483647;
			files = (
				343C13CB1E7ECE1400DFE86E /* UIColors+Constants.swift in Sources */,
				34D9481D1E7E29BA001EB043 /* ListTaskView.swift in Sources */,
				34D9486A1E7E59CB001EB043 /* TasksUIKitRouter.swift in Sources */,
				34D9486C1E7E5B4F001EB043 /* TasksUIKitRouterFactory.swift in Sources */,
				34D948261E7E2FAF001EB043 /* TaskItemViewCell.swift in Sources */,
				34D948201E7E2C06001EB043 /* UIView+Constraints.swift in Sources */,
				34589B861E7E70150089A901 /* CreateTaskView.swift in Sources */,
				34D948011E7E27E0001EB043 /* AppDelegate.swift in Sources */,
				343C13C51E7E824200DFE86E /* CreateTaskUIKitPresenterFactory.swift in Sources */,
				34D948241E7E2E9C001EB043 /* ListTaskTableViewDataSource.swift in Sources */,
				34DD902C1E984CFF00ADDB4F /* EditTaskController.swift in Sources */,
				343C13C71E7E8F5400DFE86E /* UINavigationController+Message.swift in Sources */,
				34DD90301E984FC800ADDB4F /* UpdateTaskUIKitPresenterFactory.swift in Sources */,
				343C13C31E7E81AD00DFE86E /* CreateTaskUIKitPresenter.swift in Sources */,
				34589B801E7E65170089A901 /* CreateTaskController.swift in Sources */,
				34D948191E7E28E3001EB043 /* ListTaskController.swift in Sources */,
				67A95E16CDFD16583923498E /* TasksCoreDataGatewayFactory.swift in Sources */,
				34DD902A1E984A3800ADDB4F /* ListTaskTableViewDelegate.swift in Sources */,
				67A95C2DE23B79AAC5251D7E /* UpdateTaskUseCaseFactory.swift in Sources */,
				67A950963FF61905360F3244 /* CreateTaskUseCaseFactory.swift in Sources */,
				34DD902E1E984F5600ADDB4F /* UpdateTaskUIKitPresenter.swift in Sources */,
				67A95870F528B0E9B007D019 /* ListAllTasksUseCaseFactory.swift in Sources */,
				67A95F50A28853ECBCA8C7E6 /* DeleteTaskUseCaseFactory.swift in Sources */,
			);
			runOnlyForDeploymentPostprocessing = 0;
		};
/* End PBXSourcesBuildPhase section */

/* Begin PBXVariantGroup section */
		3441BD421E8326A600AEF8A1 /* MainMenu.xib */ = {
			isa = PBXVariantGroup;
			children = (
				3441BD431E8326A600AEF8A1 /* Base */,
			);
			name = MainMenu.xib;
			path = .;
			sourceTree = "<group>";
		};
		34D9480C1E7E27E0001EB043 /* LaunchScreen.storyboard */ = {
			isa = PBXVariantGroup;
			children = (
				34D9480D1E7E27E0001EB043 /* Base */,
			);
			name = LaunchScreen.storyboard;
			path = .;
			sourceTree = "<group>";
		};
/* End PBXVariantGroup section */

/* Begin XCBuildConfiguration section */
		3441BD471E8326A600AEF8A1 /* Debug */ = {
			isa = XCBuildConfiguration;
			buildSettings = {
				ASSETCATALOG_COMPILER_APPICON_NAME = AppIcon;
				CODE_SIGN_IDENTITY = "-";
				COMBINE_HIDPI_IMAGES = YES;
				INFOPLIST_FILE = macOS/Base/Info.plist;
				LD_RUNPATH_SEARCH_PATHS = "$(inherited) @executable_path/../Frameworks";
				MACOSX_DEPLOYMENT_TARGET = 10.12;
				PRODUCT_BUNDLE_IDENTIFIER = com.ronanrodrigo.todolist.macios;
				PRODUCT_NAME = "$(TARGET_NAME)";
				SDKROOT = macosx;
				SWIFT_VERSION = 3.0;
			};
			name = Debug;
		};
		3441BD481E8326A600AEF8A1 /* Release */ = {
			isa = XCBuildConfiguration;
			buildSettings = {
				ASSETCATALOG_COMPILER_APPICON_NAME = AppIcon;
				CODE_SIGN_IDENTITY = "-";
				COMBINE_HIDPI_IMAGES = YES;
				INFOPLIST_FILE = macOS/Base/Info.plist;
				LD_RUNPATH_SEARCH_PATHS = "$(inherited) @executable_path/../Frameworks";
				MACOSX_DEPLOYMENT_TARGET = 10.12;
				PRODUCT_BUNDLE_IDENTIFIER = com.ronanrodrigo.todolist.macios;
				PRODUCT_NAME = "$(TARGET_NAME)";
				SDKROOT = macosx;
				SWIFT_VERSION = 3.0;
			};
			name = Release;
		};
		34D948101E7E27E0001EB043 /* Debug */ = {
			isa = XCBuildConfiguration;
			buildSettings = {
				ALWAYS_SEARCH_USER_PATHS = NO;
				CLANG_ANALYZER_NONNULL = YES;
				CLANG_CXX_LANGUAGE_STANDARD = "gnu++0x";
				CLANG_CXX_LIBRARY = "libc++";
				CLANG_ENABLE_MODULES = YES;
				CLANG_ENABLE_OBJC_ARC = YES;
				CLANG_WARN_BOOL_CONVERSION = YES;
				CLANG_WARN_CONSTANT_CONVERSION = YES;
				CLANG_WARN_DIRECT_OBJC_ISA_USAGE = YES_ERROR;
				CLANG_WARN_DOCUMENTATION_COMMENTS = YES;
				CLANG_WARN_EMPTY_BODY = YES;
				CLANG_WARN_ENUM_CONVERSION = YES;
				CLANG_WARN_INFINITE_RECURSION = YES;
				CLANG_WARN_INT_CONVERSION = YES;
				CLANG_WARN_OBJC_ROOT_CLASS = YES_ERROR;
				CLANG_WARN_SUSPICIOUS_MOVE = YES;
				CLANG_WARN_UNREACHABLE_CODE = YES;
				CLANG_WARN__DUPLICATE_METHOD_MATCH = YES;
				"CODE_SIGN_IDENTITY[sdk=iphoneos*]" = "iPhone Developer";
				COPY_PHASE_STRIP = NO;
				DEBUG_INFORMATION_FORMAT = dwarf;
				ENABLE_STRICT_OBJC_MSGSEND = YES;
				ENABLE_TESTABILITY = YES;
				GCC_C_LANGUAGE_STANDARD = gnu99;
				GCC_DYNAMIC_NO_PIC = NO;
				GCC_NO_COMMON_BLOCKS = YES;
				GCC_OPTIMIZATION_LEVEL = 0;
				GCC_PREPROCESSOR_DEFINITIONS = (
					"DEBUG=1",
					"$(inherited)",
				);
				GCC_WARN_64_TO_32_BIT_CONVERSION = YES;
				GCC_WARN_ABOUT_RETURN_TYPE = YES_ERROR;
				GCC_WARN_UNDECLARED_SELECTOR = YES;
				GCC_WARN_UNINITIALIZED_AUTOS = YES_AGGRESSIVE;
				GCC_WARN_UNUSED_FUNCTION = YES;
				GCC_WARN_UNUSED_VARIABLE = YES;
				IPHONEOS_DEPLOYMENT_TARGET = 10.2;
				MTL_ENABLE_DEBUG_INFO = YES;
				ONLY_ACTIVE_ARCH = YES;
				SDKROOT = iphoneos;
				SWIFT_ACTIVE_COMPILATION_CONDITIONS = DEBUG;
				SWIFT_OPTIMIZATION_LEVEL = "-Onone";
				TARGETED_DEVICE_FAMILY = "1,2";
			};
			name = Debug;
		};
		34D948111E7E27E0001EB043 /* Release */ = {
			isa = XCBuildConfiguration;
			buildSettings = {
				ALWAYS_SEARCH_USER_PATHS = NO;
				CLANG_ANALYZER_NONNULL = YES;
				CLANG_CXX_LANGUAGE_STANDARD = "gnu++0x";
				CLANG_CXX_LIBRARY = "libc++";
				CLANG_ENABLE_MODULES = YES;
				CLANG_ENABLE_OBJC_ARC = YES;
				CLANG_WARN_BOOL_CONVERSION = YES;
				CLANG_WARN_CONSTANT_CONVERSION = YES;
				CLANG_WARN_DIRECT_OBJC_ISA_USAGE = YES_ERROR;
				CLANG_WARN_DOCUMENTATION_COMMENTS = YES;
				CLANG_WARN_EMPTY_BODY = YES;
				CLANG_WARN_ENUM_CONVERSION = YES;
				CLANG_WARN_INFINITE_RECURSION = YES;
				CLANG_WARN_INT_CONVERSION = YES;
				CLANG_WARN_OBJC_ROOT_CLASS = YES_ERROR;
				CLANG_WARN_SUSPICIOUS_MOVE = YES;
				CLANG_WARN_UNREACHABLE_CODE = YES;
				CLANG_WARN__DUPLICATE_METHOD_MATCH = YES;
				"CODE_SIGN_IDENTITY[sdk=iphoneos*]" = "iPhone Developer";
				COPY_PHASE_STRIP = NO;
				DEBUG_INFORMATION_FORMAT = "dwarf-with-dsym";
				ENABLE_NS_ASSERTIONS = NO;
				ENABLE_STRICT_OBJC_MSGSEND = YES;
				GCC_C_LANGUAGE_STANDARD = gnu99;
				GCC_NO_COMMON_BLOCKS = YES;
				GCC_WARN_64_TO_32_BIT_CONVERSION = YES;
				GCC_WARN_ABOUT_RETURN_TYPE = YES_ERROR;
				GCC_WARN_UNDECLARED_SELECTOR = YES;
				GCC_WARN_UNINITIALIZED_AUTOS = YES_AGGRESSIVE;
				GCC_WARN_UNUSED_FUNCTION = YES;
				GCC_WARN_UNUSED_VARIABLE = YES;
				IPHONEOS_DEPLOYMENT_TARGET = 10.2;
				MTL_ENABLE_DEBUG_INFO = NO;
				SDKROOT = iphoneos;
				SWIFT_OPTIMIZATION_LEVEL = "-Owholemodule";
				TARGETED_DEVICE_FAMILY = "1,2";
				VALIDATE_PRODUCT = YES;
			};
			name = Release;
		};
		34D948131E7E27E0001EB043 /* Debug */ = {
			isa = XCBuildConfiguration;
			buildSettings = {
				ASSETCATALOG_COMPILER_APPICON_NAME = AppIcon;
				INFOPLIST_FILE = iOS/Base/Info.plist;
				IPHONEOS_DEPLOYMENT_TARGET = 10.0;
				LD_RUNPATH_SEARCH_PATHS = "$(inherited) @executable_path/Frameworks";
				PRODUCT_BUNDLE_IDENTIFIER = com.ronanrodrigo.todolist.ios;
				PRODUCT_NAME = "$(TARGET_NAME)";
				SWIFT_VERSION = 3.0;
			};
			name = Debug;
		};
		34D948141E7E27E0001EB043 /* Release */ = {
			isa = XCBuildConfiguration;
			buildSettings = {
				ASSETCATALOG_COMPILER_APPICON_NAME = AppIcon;
				INFOPLIST_FILE = iOS/Base/Info.plist;
				IPHONEOS_DEPLOYMENT_TARGET = 10.0;
				LD_RUNPATH_SEARCH_PATHS = "$(inherited) @executable_path/Frameworks";
				PRODUCT_BUNDLE_IDENTIFIER = com.ronanrodrigo.todolist.ios;
				PRODUCT_NAME = "$(TARGET_NAME)";
				SWIFT_VERSION = 3.0;
			};
			name = Release;
		};
/* End XCBuildConfiguration section */

/* Begin XCConfigurationList section */
		3441BD461E8326A600AEF8A1 /* Build configuration list for PBXNativeTarget "TodoList-macOS" */ = {
			isa = XCConfigurationList;
			buildConfigurations = (
				3441BD471E8326A600AEF8A1 /* Debug */,
				3441BD481E8326A600AEF8A1 /* Release */,
			);
			defaultConfigurationIsVisible = 0;
			defaultConfigurationName = Release;
		};
		34D947F81E7E27E0001EB043 /* Build configuration list for PBXProject "Application" */ = {
			isa = XCConfigurationList;
			buildConfigurations = (
				34D948101E7E27E0001EB043 /* Debug */,
				34D948111E7E27E0001EB043 /* Release */,
			);
			defaultConfigurationIsVisible = 0;
			defaultConfigurationName = Release;
		};
		34D948121E7E27E0001EB043 /* Build configuration list for PBXNativeTarget "TodoList-iOS" */ = {
			isa = XCConfigurationList;
			buildConfigurations = (
				34D948131E7E27E0001EB043 /* Debug */,
				34D948141E7E27E0001EB043 /* Release */,
			);
			defaultConfigurationIsVisible = 0;
			defaultConfigurationName = Release;
		};
/* End XCConfigurationList section */
	};
	rootObject = 34D947F51E7E27E0001EB043 /* Project object */;
}
