// !$*UTF8*$!
{
	archiveVersion = 1;
	classes = {
	};
	objectVersion = 46;
	objects = {

/* Begin PBXBuildFile section */
		343C13C01E7E815E00DFE86E /* CreateTaskUseCaseFactory.swift in Sources */ = {isa = PBXBuildFile; fileRef = 343C13BF1E7E815E00DFE86E /* CreateTaskUseCaseFactory.swift */; };
		343C13C31E7E81AD00DFE86E /* CreateTaskUIKitPresenter.swift in Sources */ = {isa = PBXBuildFile; fileRef = 343C13C21E7E81AD00DFE86E /* CreateTaskUIKitPresenter.swift */; };
		343C13C51E7E824200DFE86E /* CreateTaskUIKitPresenterFactory.swift in Sources */ = {isa = PBXBuildFile; fileRef = 343C13C41E7E824200DFE86E /* CreateTaskUIKitPresenterFactory.swift */; };
		343C13C71E7E8F5400DFE86E /* UINavigationController+Message.swift in Sources */ = {isa = PBXBuildFile; fileRef = 343C13C61E7E8F5400DFE86E /* UINavigationController+Message.swift */; };
		343C13C91E7E8FFC00DFE86E /* Double+Constants.swift in Sources */ = {isa = PBXBuildFile; fileRef = 343C13C81E7E8FFC00DFE86E /* Double+Constants.swift */; };
		343C13CB1E7ECE1400DFE86E /* UIColors+Constants.swift in Sources */ = {isa = PBXBuildFile; fileRef = 343C13CA1E7ECE1400DFE86E /* UIColors+Constants.swift */; };
		34589B801E7E65170089A901 /* CreateTaskController.swift in Sources */ = {isa = PBXBuildFile; fileRef = 34589B7F1E7E65170089A901 /* CreateTaskController.swift */; };
		34589B821E7E6C770089A901 /* Localizable.strings in Resources */ = {isa = PBXBuildFile; fileRef = 34589B811E7E6C770089A901 /* Localizable.strings */; };
		34589B841E7E6CFF0089A901 /* String+Translate.swift in Sources */ = {isa = PBXBuildFile; fileRef = 34589B831E7E6CFF0089A901 /* String+Translate.swift */; };
		34589B861E7E70150089A901 /* CreateTaskView.swift in Sources */ = {isa = PBXBuildFile; fileRef = 34589B851E7E70150089A901 /* CreateTaskView.swift */; };
		34589B881E7E76D10089A901 /* CGFloat+Constants.swift in Sources */ = {isa = PBXBuildFile; fileRef = 34589B871E7E76D10089A901 /* CGFloat+Constants.swift */; };
		34D948011E7E27E0001EB043 /* AppDelegate.swift in Sources */ = {isa = PBXBuildFile; fileRef = 34D948001E7E27E0001EB043 /* AppDelegate.swift */; };
		34D948091E7E27E0001EB043 /* TodoList.xcdatamodeld in Sources */ = {isa = PBXBuildFile; fileRef = 34D948071E7E27E0001EB043 /* TodoList.xcdatamodeld */; };
		34D9480B1E7E27E0001EB043 /* Assets.xcassets in Resources */ = {isa = PBXBuildFile; fileRef = 34D9480A1E7E27E0001EB043 /* Assets.xcassets */; };
		34D9480E1E7E27E0001EB043 /* LaunchScreen.storyboard in Resources */ = {isa = PBXBuildFile; fileRef = 34D9480C1E7E27E0001EB043 /* LaunchScreen.storyboard */; };
		34D948191E7E28E3001EB043 /* ListTaskController.swift in Sources */ = {isa = PBXBuildFile; fileRef = 34D948181E7E28E3001EB043 /* ListTaskController.swift */; };
		34D9481D1E7E29BA001EB043 /* TaskListView.swift in Sources */ = {isa = PBXBuildFile; fileRef = 34D9481C1E7E29BA001EB043 /* TaskListView.swift */; };
		34D948201E7E2C06001EB043 /* UIView+Constraints.swift in Sources */ = {isa = PBXBuildFile; fileRef = 34D9481F1E7E2C06001EB043 /* UIView+Constraints.swift */; };
		34D948241E7E2E9C001EB043 /* TaskListDataSource.swift in Sources */ = {isa = PBXBuildFile; fileRef = 34D948231E7E2E9C001EB043 /* TaskListDataSource.swift */; };
		34D948261E7E2FAF001EB043 /* TaskItemViewCell.swift in Sources */ = {isa = PBXBuildFile; fileRef = 34D948251E7E2FAF001EB043 /* TaskItemViewCell.swift */; };
		34D948281E7E354F001EB043 /* NSCoder+InitCoderMessage.swift in Sources */ = {isa = PBXBuildFile; fileRef = 34D948271E7E354F001EB043 /* NSCoder+InitCoderMessage.swift */; };
		34D948381E7E3CBB001EB043 /* Task.swift in Sources */ = {isa = PBXBuildFile; fileRef = 34D948371E7E3CBB001EB043 /* Task.swift */; };
		34D948471E7E3E6F001EB043 /* TaskEntityCoreData+CoreDataClass.swift in Sources */ = {isa = PBXBuildFile; fileRef = 34D948451E7E3E6F001EB043 /* TaskEntityCoreData+CoreDataClass.swift */; };
		34D948481E7E3E6F001EB043 /* TaskEntityCoreData+CoreDataProperties.swift in Sources */ = {isa = PBXBuildFile; fileRef = 34D948461E7E3E6F001EB043 /* TaskEntityCoreData+CoreDataProperties.swift */; };
		34D9484B1E7E4001001EB043 /* TasksGateway.swift in Sources */ = {isa = PBXBuildFile; fileRef = 34D9484A1E7E4001001EB043 /* TasksGateway.swift */; };
		34D9484D1E7E407D001EB043 /* TasksCoreDataGateway.swift in Sources */ = {isa = PBXBuildFile; fileRef = 34D9484C1E7E407D001EB043 /* TasksCoreDataGateway.swift */; };
		34D948501E7E4123001EB043 /* TaskEntity.swift in Sources */ = {isa = PBXBuildFile; fileRef = 34D9484F1E7E4123001EB043 /* TaskEntity.swift */; };
		34D948551E7E4774001EB043 /* Result.swift in Sources */ = {isa = PBXBuildFile; fileRef = 34D948541E7E4774001EB043 /* Result.swift */; };
		34D948591E7E49C9001EB043 /* CreateTaskUseCase.swift in Sources */ = {isa = PBXBuildFile; fileRef = 34D948581E7E49C9001EB043 /* CreateTaskUseCase.swift */; };
		34D9485B1E7E4A6C001EB043 /* CreateTaskPresenter.swift in Sources */ = {isa = PBXBuildFile; fileRef = 34D9485A1E7E4A6C001EB043 /* CreateTaskPresenter.swift */; };
		34D9485F1E7E5039001EB043 /* TasksCoreDataGatewayFactory.swift in Sources */ = {isa = PBXBuildFile; fileRef = 34D9485E1E7E5039001EB043 /* TasksCoreDataGatewayFactory.swift */; };
		34D948681E7E597B001EB043 /* TasksRouter.swift in Sources */ = {isa = PBXBuildFile; fileRef = 34D948671E7E597B001EB043 /* TasksRouter.swift */; };
		34D9486A1E7E59CB001EB043 /* TasksUIKitRouter.swift in Sources */ = {isa = PBXBuildFile; fileRef = 34D948691E7E59CB001EB043 /* TasksUIKitRouter.swift */; };
		34D9486C1E7E5B4F001EB043 /* TasksUIKitRouterFactory.swift in Sources */ = {isa = PBXBuildFile; fileRef = 34D9486B1E7E5B4F001EB043 /* TasksUIKitRouterFactory.swift */; };
/* End PBXBuildFile section */

/* Begin PBXFileReference section */
		343C13BF1E7E815E00DFE86E /* CreateTaskUseCaseFactory.swift */ = {isa = PBXFileReference; fileEncoding = 4; lastKnownFileType = sourcecode.swift; path = CreateTaskUseCaseFactory.swift; sourceTree = "<group>"; };
		343C13C21E7E81AD00DFE86E /* CreateTaskUIKitPresenter.swift */ = {isa = PBXFileReference; fileEncoding = 4; lastKnownFileType = sourcecode.swift; path = CreateTaskUIKitPresenter.swift; sourceTree = "<group>"; };
		343C13C41E7E824200DFE86E /* CreateTaskUIKitPresenterFactory.swift */ = {isa = PBXFileReference; fileEncoding = 4; lastKnownFileType = sourcecode.swift; path = CreateTaskUIKitPresenterFactory.swift; sourceTree = "<group>"; };
		343C13C61E7E8F5400DFE86E /* UINavigationController+Message.swift */ = {isa = PBXFileReference; fileEncoding = 4; lastKnownFileType = sourcecode.swift; path = "UINavigationController+Message.swift"; sourceTree = "<group>"; };
		343C13C81E7E8FFC00DFE86E /* Double+Constants.swift */ = {isa = PBXFileReference; fileEncoding = 4; lastKnownFileType = sourcecode.swift; path = "Double+Constants.swift"; sourceTree = "<group>"; };
		343C13CA1E7ECE1400DFE86E /* UIColors+Constants.swift */ = {isa = PBXFileReference; fileEncoding = 4; lastKnownFileType = sourcecode.swift; path = "UIColors+Constants.swift"; sourceTree = "<group>"; };
		34589B7F1E7E65170089A901 /* CreateTaskController.swift */ = {isa = PBXFileReference; fileEncoding = 4; lastKnownFileType = sourcecode.swift; path = CreateTaskController.swift; sourceTree = "<group>"; };
		34589B811E7E6C770089A901 /* Localizable.strings */ = {isa = PBXFileReference; fileEncoding = 4; lastKnownFileType = text.plist.strings; path = Localizable.strings; sourceTree = "<group>"; };
		34589B831E7E6CFF0089A901 /* String+Translate.swift */ = {isa = PBXFileReference; fileEncoding = 4; lastKnownFileType = sourcecode.swift; path = "String+Translate.swift"; sourceTree = "<group>"; };
		34589B851E7E70150089A901 /* CreateTaskView.swift */ = {isa = PBXFileReference; fileEncoding = 4; lastKnownFileType = sourcecode.swift; path = CreateTaskView.swift; sourceTree = "<group>"; };
		34589B871E7E76D10089A901 /* CGFloat+Constants.swift */ = {isa = PBXFileReference; fileEncoding = 4; lastKnownFileType = sourcecode.swift; path = "CGFloat+Constants.swift"; sourceTree = "<group>"; };
		34D947FD1E7E27E0001EB043 /* TodoList.app */ = {isa = PBXFileReference; explicitFileType = wrapper.application; includeInIndex = 0; path = TodoList.app; sourceTree = BUILT_PRODUCTS_DIR; };
		34D948001E7E27E0001EB043 /* AppDelegate.swift */ = {isa = PBXFileReference; lastKnownFileType = sourcecode.swift; path = AppDelegate.swift; sourceTree = "<group>"; };
		34D948081E7E27E0001EB043 /* TodoList.xcdatamodel */ = {isa = PBXFileReference; lastKnownFileType = wrapper.xcdatamodel; path = TodoList.xcdatamodel; sourceTree = "<group>"; };
		34D9480A1E7E27E0001EB043 /* Assets.xcassets */ = {isa = PBXFileReference; lastKnownFileType = folder.assetcatalog; path = Assets.xcassets; sourceTree = "<group>"; };
		34D9480D1E7E27E0001EB043 /* Base */ = {isa = PBXFileReference; lastKnownFileType = file.storyboard; name = Base; path = Base.lproj/LaunchScreen.storyboard; sourceTree = "<group>"; };
		34D9480F1E7E27E0001EB043 /* Info.plist */ = {isa = PBXFileReference; lastKnownFileType = text.plist.xml; path = Info.plist; sourceTree = "<group>"; };
		34D948181E7E28E3001EB043 /* ListTaskController.swift */ = {isa = PBXFileReference; fileEncoding = 4; lastKnownFileType = sourcecode.swift; path = ListTaskController.swift; sourceTree = "<group>"; };
		34D9481C1E7E29BA001EB043 /* TaskListView.swift */ = {isa = PBXFileReference; fileEncoding = 4; lastKnownFileType = sourcecode.swift; path = TaskListView.swift; sourceTree = "<group>"; };
		34D9481F1E7E2C06001EB043 /* UIView+Constraints.swift */ = {isa = PBXFileReference; fileEncoding = 4; lastKnownFileType = sourcecode.swift; path = "UIView+Constraints.swift"; sourceTree = "<group>"; };
		34D948231E7E2E9C001EB043 /* TaskListDataSource.swift */ = {isa = PBXFileReference; fileEncoding = 4; lastKnownFileType = sourcecode.swift; path = TaskListDataSource.swift; sourceTree = "<group>"; };
		34D948251E7E2FAF001EB043 /* TaskItemViewCell.swift */ = {isa = PBXFileReference; fileEncoding = 4; lastKnownFileType = sourcecode.swift; path = TaskItemViewCell.swift; sourceTree = "<group>"; };
		34D948271E7E354F001EB043 /* NSCoder+InitCoderMessage.swift */ = {isa = PBXFileReference; fileEncoding = 4; lastKnownFileType = sourcecode.swift; path = "NSCoder+InitCoderMessage.swift"; sourceTree = "<group>"; };
		34D948371E7E3CBB001EB043 /* Task.swift */ = {isa = PBXFileReference; fileEncoding = 4; lastKnownFileType = sourcecode.swift; path = Task.swift; sourceTree = "<group>"; };
		34D948451E7E3E6F001EB043 /* TaskEntityCoreData+CoreDataClass.swift */ = {isa = PBXFileReference; fileEncoding = 4; lastKnownFileType = sourcecode.swift; path = "TaskEntityCoreData+CoreDataClass.swift"; sourceTree = "<group>"; };
		34D948461E7E3E6F001EB043 /* TaskEntityCoreData+CoreDataProperties.swift */ = {isa = PBXFileReference; fileEncoding = 4; lastKnownFileType = sourcecode.swift; path = "TaskEntityCoreData+CoreDataProperties.swift"; sourceTree = "<group>"; };
		34D9484A1E7E4001001EB043 /* TasksGateway.swift */ = {isa = PBXFileReference; fileEncoding = 4; lastKnownFileType = sourcecode.swift; path = TasksGateway.swift; sourceTree = "<group>"; };
		34D9484C1E7E407D001EB043 /* TasksCoreDataGateway.swift */ = {isa = PBXFileReference; fileEncoding = 4; lastKnownFileType = sourcecode.swift; path = TasksCoreDataGateway.swift; sourceTree = "<group>"; };
		34D9484F1E7E4123001EB043 /* TaskEntity.swift */ = {isa = PBXFileReference; fileEncoding = 4; lastKnownFileType = sourcecode.swift; path = TaskEntity.swift; sourceTree = "<group>"; };
		34D948541E7E4774001EB043 /* Result.swift */ = {isa = PBXFileReference; fileEncoding = 4; lastKnownFileType = sourcecode.swift; path = Result.swift; sourceTree = "<group>"; };
		34D948581E7E49C9001EB043 /* CreateTaskUseCase.swift */ = {isa = PBXFileReference; fileEncoding = 4; lastKnownFileType = sourcecode.swift; path = CreateTaskUseCase.swift; sourceTree = "<group>"; };
		34D9485A1E7E4A6C001EB043 /* CreateTaskPresenter.swift */ = {isa = PBXFileReference; fileEncoding = 4; lastKnownFileType = sourcecode.swift; path = CreateTaskPresenter.swift; sourceTree = "<group>"; };
		34D9485E1E7E5039001EB043 /* TasksCoreDataGatewayFactory.swift */ = {isa = PBXFileReference; fileEncoding = 4; lastKnownFileType = sourcecode.swift; path = TasksCoreDataGatewayFactory.swift; sourceTree = "<group>"; };
		34D948671E7E597B001EB043 /* TasksRouter.swift */ = {isa = PBXFileReference; fileEncoding = 4; lastKnownFileType = sourcecode.swift; path = TasksRouter.swift; sourceTree = "<group>"; };
		34D948691E7E59CB001EB043 /* TasksUIKitRouter.swift */ = {isa = PBXFileReference; fileEncoding = 4; lastKnownFileType = sourcecode.swift; path = TasksUIKitRouter.swift; sourceTree = "<group>"; };
		34D9486B1E7E5B4F001EB043 /* TasksUIKitRouterFactory.swift */ = {isa = PBXFileReference; fileEncoding = 4; lastKnownFileType = sourcecode.swift; path = TasksUIKitRouterFactory.swift; sourceTree = "<group>"; };
/* End PBXFileReference section */

/* Begin PBXFrameworksBuildPhase section */
		34D947FA1E7E27E0001EB043 /* Frameworks */ = {
			isa = PBXFrameworksBuildPhase;
			buildActionMask = 2147483647;
			files = (
			);
			runOnlyForDeploymentPostprocessing = 0;
		};
/* End PBXFrameworksBuildPhase section */

/* Begin PBXGroup section */
		343C13C11E7E818B00DFE86E /* Presenters */ = {
			isa = PBXGroup;
			children = (
				343C13C21E7E81AD00DFE86E /* CreateTaskUIKitPresenter.swift */,
			);
			path = Presenters;
			sourceTree = "<group>";
		};
		34D947F41E7E27E0001EB043 = {
			isa = PBXGroup;
			children = (
				34D947FE1E7E27E0001EB043 /* Products */,
				34D947FF1E7E27E0001EB043 /* TodoList */,
			);
			sourceTree = "<group>";
		};
		34D947FE1E7E27E0001EB043 /* Products */ = {
			isa = PBXGroup;
			children = (
				34D947FD1E7E27E0001EB043 /* TodoList.app */,
			);
			name = Products;
			sourceTree = "<group>";
		};
		34D947FF1E7E27E0001EB043 /* TodoList */ = {
			isa = PBXGroup;
			children = (
				34D948151E7E2825001EB043 /* Base */,
				34D948161E7E284F001EB043 /* CoreData */,
				34D9481E1E7E2BEE001EB043 /* Extensions */,
				34D948531E7E4738001EB043 /* Helpers */,
				34D948171E7E289A001EB043 /* Tasks */,
			);
			path = TodoList;
			sourceTree = "<group>";
		};
		34D948151E7E2825001EB043 /* Base */ = {
			isa = PBXGroup;
			children = (
				34D948001E7E27E0001EB043 /* AppDelegate.swift */,
				34D9480A1E7E27E0001EB043 /* Assets.xcassets */,
				34D9480F1E7E27E0001EB043 /* Info.plist */,
				34D9480C1E7E27E0001EB043 /* LaunchScreen.storyboard */,
				34589B811E7E6C770089A901 /* Localizable.strings */,
			);
			path = Base;
			sourceTree = "<group>";
		};
		34D948161E7E284F001EB043 /* CoreData */ = {
			isa = PBXGroup;
			children = (
				34D948071E7E27E0001EB043 /* TodoList.xcdatamodeld */,
			);
			path = CoreData;
			sourceTree = "<group>";
		};
		34D948171E7E289A001EB043 /* Tasks */ = {
			isa = PBXGroup;
			children = (
				34D9481A1E7E29A7001EB043 /* Controllers */,
				34D948211E7E2DF4001EB043 /* DataSources */,
				34D948301E7E3C1B001EB043 /* Entities */,
				34D9485C1E7E5019001EB043 /* Factories */,
				34D948491E7E3FE8001EB043 /* Gateways */,
				343C13C11E7E818B00DFE86E /* Presenters */,
				34D9484E1E7E40C5001EB043 /* Protocols */,
				34D948661E7E5967001EB043 /* Router */,
				34D948571E7E49B7001EB043 /* UseCases */,
				34D9481B1E7E29AD001EB043 /* Views */,
			);
			path = Tasks;
			sourceTree = "<group>";
		};
		34D9481A1E7E29A7001EB043 /* Controllers */ = {
			isa = PBXGroup;
			children = (
				34589B7F1E7E65170089A901 /* CreateTaskController.swift */,
				34D948181E7E28E3001EB043 /* ListTaskController.swift */,
			);
			path = Controllers;
			sourceTree = "<group>";
		};
		34D9481B1E7E29AD001EB043 /* Views */ = {
			isa = PBXGroup;
			children = (
				34589B851E7E70150089A901 /* CreateTaskView.swift */,
				34D948251E7E2FAF001EB043 /* TaskItemViewCell.swift */,
				34D9481C1E7E29BA001EB043 /* TaskListView.swift */,
			);
			path = Views;
			sourceTree = "<group>";
		};
		34D9481E1E7E2BEE001EB043 /* Extensions */ = {
			isa = PBXGroup;
			children = (
				34589B871E7E76D10089A901 /* CGFloat+Constants.swift */,
				343C13C81E7E8FFC00DFE86E /* Double+Constants.swift */,
				34D948271E7E354F001EB043 /* NSCoder+InitCoderMessage.swift */,
				34589B831E7E6CFF0089A901 /* String+Translate.swift */,
				343C13CA1E7ECE1400DFE86E /* UIColors+Constants.swift */,
				343C13C61E7E8F5400DFE86E /* UINavigationController+Message.swift */,
				34D9481F1E7E2C06001EB043 /* UIView+Constraints.swift */,
			);
			path = Extensions;
			sourceTree = "<group>";
		};
		34D948211E7E2DF4001EB043 /* DataSources */ = {
			isa = PBXGroup;
			children = (
				34D948231E7E2E9C001EB043 /* TaskListDataSource.swift */,
			);
			path = DataSources;
			sourceTree = "<group>";
		};
		34D948301E7E3C1B001EB043 /* Entities */ = {
			isa = PBXGroup;
			children = (
				34D9484F1E7E4123001EB043 /* TaskEntity.swift */,
				34D948451E7E3E6F001EB043 /* TaskEntityCoreData+CoreDataClass.swift */,
				34D948461E7E3E6F001EB043 /* TaskEntityCoreData+CoreDataProperties.swift */,
			);
			path = Entities;
			sourceTree = "<group>";
		};
		34D948491E7E3FE8001EB043 /* Gateways */ = {
			isa = PBXGroup;
			children = (
				34D9484C1E7E407D001EB043 /* TasksCoreDataGateway.swift */,
			);
			path = Gateways;
			sourceTree = "<group>";
		};
		34D9484E1E7E40C5001EB043 /* Protocols */ = {
			isa = PBXGroup;
			children = (
				34D9485A1E7E4A6C001EB043 /* CreateTaskPresenter.swift */,
				34D948371E7E3CBB001EB043 /* Task.swift */,
				34D9484A1E7E4001001EB043 /* TasksGateway.swift */,
				34D948671E7E597B001EB043 /* TasksRouter.swift */,
			);
			path = Protocols;
			sourceTree = "<group>";
		};
		34D948531E7E4738001EB043 /* Helpers */ = {
			isa = PBXGroup;
			children = (
				34D948541E7E4774001EB043 /* Result.swift */,
			);
			path = Helpers;
			sourceTree = "<group>";
		};
		34D948571E7E49B7001EB043 /* UseCases */ = {
			isa = PBXGroup;
			children = (
				34D948581E7E49C9001EB043 /* CreateTaskUseCase.swift */,
			);
			path = UseCases;
			sourceTree = "<group>";
		};
		34D9485C1E7E5019001EB043 /* Factories */ = {
			isa = PBXGroup;
			children = (
				343C13C41E7E824200DFE86E /* CreateTaskUIKitPresenterFactory.swift */,
				343C13BF1E7E815E00DFE86E /* CreateTaskUseCaseFactory.swift */,
				34D9485E1E7E5039001EB043 /* TasksCoreDataGatewayFactory.swift */,
				34D9486B1E7E5B4F001EB043 /* TasksUIKitRouterFactory.swift */,
			);
			path = Factories;
			sourceTree = "<group>";
		};
		34D948661E7E5967001EB043 /* Router */ = {
			isa = PBXGroup;
			children = (
				34D948691E7E59CB001EB043 /* TasksUIKitRouter.swift */,
			);
			path = Router;
			sourceTree = "<group>";
		};
/* End PBXGroup section */

/* Begin PBXNativeTarget section */
		34D947FC1E7E27E0001EB043 /* TodoList */ = {
			isa = PBXNativeTarget;
			buildConfigurationList = 34D948121E7E27E0001EB043 /* Build configuration list for PBXNativeTarget "TodoList" */;
			buildPhases = (
				34D947F91E7E27E0001EB043 /* Sources */,
				34D947FA1E7E27E0001EB043 /* Frameworks */,
				34D947FB1E7E27E0001EB043 /* Resources */,
			);
			buildRules = (
			);
			dependencies = (
			);
			name = TodoList;
			productName = todolist;
			productReference = 34D947FD1E7E27E0001EB043 /* TodoList.app */;
			productType = "com.apple.product-type.application";
		};
/* End PBXNativeTarget section */

/* Begin PBXProject section */
		34D947F51E7E27E0001EB043 /* Project object */ = {
			isa = PBXProject;
			attributes = {
				LastSwiftUpdateCheck = 0820;
				LastUpgradeCheck = 0820;
				ORGANIZATIONNAME = "Ronan R. Nunes";
				TargetAttributes = {
					34D947FC1E7E27E0001EB043 = {
						CreatedOnToolsVersion = 8.2.1;
						ProvisioningStyle = Automatic;
					};
				};
			};
			buildConfigurationList = 34D947F81E7E27E0001EB043 /* Build configuration list for PBXProject "TodoList" */;
			compatibilityVersion = "Xcode 3.2";
			developmentRegion = English;
			hasScannedForEncodings = 0;
			knownRegions = (
				en,
				Base,
			);
			mainGroup = 34D947F41E7E27E0001EB043;
			productRefGroup = 34D947FE1E7E27E0001EB043 /* Products */;
			projectDirPath = "";
			projectRoot = "";
			targets = (
				34D947FC1E7E27E0001EB043 /* TodoList */,
			);
		};
/* End PBXProject section */

/* Begin PBXResourcesBuildPhase section */
		34D947FB1E7E27E0001EB043 /* Resources */ = {
			isa = PBXResourcesBuildPhase;
			buildActionMask = 2147483647;
			files = (
				34D9480E1E7E27E0001EB043 /* LaunchScreen.storyboard in Resources */,
				34589B821E7E6C770089A901 /* Localizable.strings in Resources */,
				34D9480B1E7E27E0001EB043 /* Assets.xcassets in Resources */,
			);
			runOnlyForDeploymentPostprocessing = 0;
		};
/* End PBXResourcesBuildPhase section */

/* Begin PBXSourcesBuildPhase section */
		34D947F91E7E27E0001EB043 /* Sources */ = {
			isa = PBXSourcesBuildPhase;
			buildActionMask = 2147483647;
			files = (
				343C13CB1E7ECE1400DFE86E /* UIColors+Constants.swift in Sources */,
				34D9481D1E7E29BA001EB043 /* TaskListView.swift in Sources */,
				34D9484D1E7E407D001EB043 /* TasksCoreDataGateway.swift in Sources */,
				34D9486A1E7E59CB001EB043 /* TasksUIKitRouter.swift in Sources */,
				34D948591E7E49C9001EB043 /* CreateTaskUseCase.swift in Sources */,
				34D9486C1E7E5B4F001EB043 /* TasksUIKitRouterFactory.swift in Sources */,
				34D948261E7E2FAF001EB043 /* TaskItemViewCell.swift in Sources */,
				34D948091E7E27E0001EB043 /* TodoList.xcdatamodeld in Sources */,
				34589B881E7E76D10089A901 /* CGFloat+Constants.swift in Sources */,
				34D9485B1E7E4A6C001EB043 /* CreateTaskPresenter.swift in Sources */,
				34D948201E7E2C06001EB043 /* UIView+Constraints.swift in Sources */,
				34589B861E7E70150089A901 /* CreateTaskView.swift in Sources */,
				34D948011E7E27E0001EB043 /* AppDelegate.swift in Sources */,
				34D948551E7E4774001EB043 /* Result.swift in Sources */,
				343C13C51E7E824200DFE86E /* CreateTaskUIKitPresenterFactory.swift in Sources */,
				34D9485F1E7E5039001EB043 /* TasksCoreDataGatewayFactory.swift in Sources */,
				34D948241E7E2E9C001EB043 /* TaskListDataSource.swift in Sources */,
				34D948501E7E4123001EB043 /* TaskEntity.swift in Sources */,
				343C13C71E7E8F5400DFE86E /* UINavigationController+Message.swift in Sources */,
				34D948681E7E597B001EB043 /* TasksRouter.swift in Sources */,
				343C13C31E7E81AD00DFE86E /* CreateTaskUIKitPresenter.swift in Sources */,
				343C13C01E7E815E00DFE86E /* CreateTaskUseCaseFactory.swift in Sources */,
				34D948471E7E3E6F001EB043 /* TaskEntityCoreData+CoreDataClass.swift in Sources */,
				34589B801E7E65170089A901 /* CreateTaskController.swift in Sources */,
				34D948381E7E3CBB001EB043 /* Task.swift in Sources */,
				343C13C91E7E8FFC00DFE86E /* Double+Constants.swift in Sources */,
				34D948481E7E3E6F001EB043 /* TaskEntityCoreData+CoreDataProperties.swift in Sources */,
				34D948191E7E28E3001EB043 /* ListTaskController.swift in Sources */,
				34589B841E7E6CFF0089A901 /* String+Translate.swift in Sources */,
				34D948281E7E354F001EB043 /* NSCoder+InitCoderMessage.swift in Sources */,
				34D9484B1E7E4001001EB043 /* TasksGateway.swift in Sources */,
			);
			runOnlyForDeploymentPostprocessing = 0;
		};
/* End PBXSourcesBuildPhase section */

/* Begin PBXVariantGroup section */
		34D9480C1E7E27E0001EB043 /* LaunchScreen.storyboard */ = {
			isa = PBXVariantGroup;
			children = (
				34D9480D1E7E27E0001EB043 /* Base */,
			);
			name = LaunchScreen.storyboard;
			path = .;
			sourceTree = "<group>";
		};
/* End PBXVariantGroup section */

/* Begin XCBuildConfiguration section */
		34D948101E7E27E0001EB043 /* Debug */ = {
			isa = XCBuildConfiguration;
			buildSettings = {
				ALWAYS_SEARCH_USER_PATHS = NO;
				CLANG_ANALYZER_NONNULL = YES;
				CLANG_CXX_LANGUAGE_STANDARD = "gnu++0x";
				CLANG_CXX_LIBRARY = "libc++";
				CLANG_ENABLE_MODULES = YES;
				CLANG_ENABLE_OBJC_ARC = YES;
				CLANG_WARN_BOOL_CONVERSION = YES;
				CLANG_WARN_CONSTANT_CONVERSION = YES;
				CLANG_WARN_DIRECT_OBJC_ISA_USAGE = YES_ERROR;
				CLANG_WARN_DOCUMENTATION_COMMENTS = YES;
				CLANG_WARN_EMPTY_BODY = YES;
				CLANG_WARN_ENUM_CONVERSION = YES;
				CLANG_WARN_INFINITE_RECURSION = YES;
				CLANG_WARN_INT_CONVERSION = YES;
				CLANG_WARN_OBJC_ROOT_CLASS = YES_ERROR;
				CLANG_WARN_SUSPICIOUS_MOVE = YES;
				CLANG_WARN_UNREACHABLE_CODE = YES;
				CLANG_WARN__DUPLICATE_METHOD_MATCH = YES;
				"CODE_SIGN_IDENTITY[sdk=iphoneos*]" = "iPhone Developer";
				COPY_PHASE_STRIP = NO;
				DEBUG_INFORMATION_FORMAT = dwarf;
				ENABLE_STRICT_OBJC_MSGSEND = YES;
				ENABLE_TESTABILITY = YES;
				GCC_C_LANGUAGE_STANDARD = gnu99;
				GCC_DYNAMIC_NO_PIC = NO;
				GCC_NO_COMMON_BLOCKS = YES;
				GCC_OPTIMIZATION_LEVEL = 0;
				GCC_PREPROCESSOR_DEFINITIONS = (
					"DEBUG=1",
					"$(inherited)",
				);
				GCC_WARN_64_TO_32_BIT_CONVERSION = YES;
				GCC_WARN_ABOUT_RETURN_TYPE = YES_ERROR;
				GCC_WARN_UNDECLARED_SELECTOR = YES;
				GCC_WARN_UNINITIALIZED_AUTOS = YES_AGGRESSIVE;
				GCC_WARN_UNUSED_FUNCTION = YES;
				GCC_WARN_UNUSED_VARIABLE = YES;
				IPHONEOS_DEPLOYMENT_TARGET = 10.2;
				MTL_ENABLE_DEBUG_INFO = YES;
				ONLY_ACTIVE_ARCH = YES;
				SDKROOT = iphoneos;
				SWIFT_ACTIVE_COMPILATION_CONDITIONS = DEBUG;
				SWIFT_OPTIMIZATION_LEVEL = "-Onone";
				TARGETED_DEVICE_FAMILY = "1,2";
			};
			name = Debug;
		};
		34D948111E7E27E0001EB043 /* Release */ = {
			isa = XCBuildConfiguration;
			buildSettings = {
				ALWAYS_SEARCH_USER_PATHS = NO;
				CLANG_ANALYZER_NONNULL = YES;
				CLANG_CXX_LANGUAGE_STANDARD = "gnu++0x";
				CLANG_CXX_LIBRARY = "libc++";
				CLANG_ENABLE_MODULES = YES;
				CLANG_ENABLE_OBJC_ARC = YES;
				CLANG_WARN_BOOL_CONVERSION = YES;
				CLANG_WARN_CONSTANT_CONVERSION = YES;
				CLANG_WARN_DIRECT_OBJC_ISA_USAGE = YES_ERROR;
				CLANG_WARN_DOCUMENTATION_COMMENTS = YES;
				CLANG_WARN_EMPTY_BODY = YES;
				CLANG_WARN_ENUM_CONVERSION = YES;
				CLANG_WARN_INFINITE_RECURSION = YES;
				CLANG_WARN_INT_CONVERSION = YES;
				CLANG_WARN_OBJC_ROOT_CLASS = YES_ERROR;
				CLANG_WARN_SUSPICIOUS_MOVE = YES;
				CLANG_WARN_UNREACHABLE_CODE = YES;
				CLANG_WARN__DUPLICATE_METHOD_MATCH = YES;
				"CODE_SIGN_IDENTITY[sdk=iphoneos*]" = "iPhone Developer";
				COPY_PHASE_STRIP = NO;
				DEBUG_INFORMATION_FORMAT = "dwarf-with-dsym";
				ENABLE_NS_ASSERTIONS = NO;
				ENABLE_STRICT_OBJC_MSGSEND = YES;
				GCC_C_LANGUAGE_STANDARD = gnu99;
				GCC_NO_COMMON_BLOCKS = YES;
				GCC_WARN_64_TO_32_BIT_CONVERSION = YES;
				GCC_WARN_ABOUT_RETURN_TYPE = YES_ERROR;
				GCC_WARN_UNDECLARED_SELECTOR = YES;
				GCC_WARN_UNINITIALIZED_AUTOS = YES_AGGRESSIVE;
				GCC_WARN_UNUSED_FUNCTION = YES;
				GCC_WARN_UNUSED_VARIABLE = YES;
				IPHONEOS_DEPLOYMENT_TARGET = 10.2;
				MTL_ENABLE_DEBUG_INFO = NO;
				SDKROOT = iphoneos;
				SWIFT_OPTIMIZATION_LEVEL = "-Owholemodule";
				TARGETED_DEVICE_FAMILY = "1,2";
				VALIDATE_PRODUCT = YES;
			};
			name = Release;
		};
		34D948131E7E27E0001EB043 /* Debug */ = {
			isa = XCBuildConfiguration;
			buildSettings = {
				ASSETCATALOG_COMPILER_APPICON_NAME = AppIcon;
				INFOPLIST_FILE = TodoList/Base/Info.plist;
				LD_RUNPATH_SEARCH_PATHS = "$(inherited) @executable_path/Frameworks";
				PRODUCT_BUNDLE_IDENTIFIER = com.ronanrodrigo.todolist;
				PRODUCT_NAME = "$(TARGET_NAME)";
				SWIFT_VERSION = 3.0;
			};
			name = Debug;
		};
		34D948141E7E27E0001EB043 /* Release */ = {
			isa = XCBuildConfiguration;
			buildSettings = {
				ASSETCATALOG_COMPILER_APPICON_NAME = AppIcon;
				INFOPLIST_FILE = TodoList/Base/Info.plist;
				LD_RUNPATH_SEARCH_PATHS = "$(inherited) @executable_path/Frameworks";
				PRODUCT_BUNDLE_IDENTIFIER = com.ronanrodrigo.todolist;
				PRODUCT_NAME = "$(TARGET_NAME)";
				SWIFT_VERSION = 3.0;
			};
			name = Release;
		};
/* End XCBuildConfiguration section */

/* Begin XCConfigurationList section */
		34D947F81E7E27E0001EB043 /* Build configuration list for PBXProject "TodoList" */ = {
			isa = XCConfigurationList;
			buildConfigurations = (
				34D948101E7E27E0001EB043 /* Debug */,
				34D948111E7E27E0001EB043 /* Release */,
			);
			defaultConfigurationIsVisible = 0;
			defaultConfigurationName = Release;
		};
		34D948121E7E27E0001EB043 /* Build configuration list for PBXNativeTarget "TodoList" */ = {
			isa = XCConfigurationList;
			buildConfigurations = (
				34D948131E7E27E0001EB043 /* Debug */,
				34D948141E7E27E0001EB043 /* Release */,
			);
			defaultConfigurationIsVisible = 0;
			defaultConfigurationName = Release;
		};
/* End XCConfigurationList section */

/* Begin XCVersionGroup section */
		34D948071E7E27E0001EB043 /* TodoList.xcdatamodeld */ = {
			isa = XCVersionGroup;
			children = (
				34D948081E7E27E0001EB043 /* TodoList.xcdatamodel */,
			);
			currentVersion = 34D948081E7E27E0001EB043 /* TodoList.xcdatamodel */;
			path = TodoList.xcdatamodeld;
			sourceTree = "<group>";
			versionGroupType = wrapper.xcdatamodel;
		};
/* End XCVersionGroup section */
	};
	rootObject = 34D947F51E7E27E0001EB043 /* Project object */;
}
